
Microsoft Visual Studio Solution File, Format Version 12.00
# Visual Studio Version 17
VisualStudioVersion = 17.5.002.0
MinimumVisualStudioVersion = 10.0.40219.1
Project("{9A19103F-16F7-4668-BE54-9A1E7A4F7556}") = "database", "database.csproj", "{FD68CF21-91C2-4688-8871-C5D839024C2C}"
EndProject
Global
	GlobalSection(SolutionConfigurationPlatforms) = preSolution
		Debug|Any CPU = Debug|Any CPU
		Release|Any CPU = Release|Any CPU
	EndGlobalSection
	GlobalSection(ProjectConfigurationPlatforms) = postSolution
		{FD68CF21-91C2-4688-8871-C5D839024C2C}.Debug|Any CPU.ActiveCfg = Debug|Any CPU
		{FD68CF21-91C2-4688-8871-C5D839024C2C}.Debug|Any CPU.Build.0 = Debug|Any CPU
		{FD68CF21-91C2-4688-8871-C5D839024C2C}.Release|Any CPU.ActiveCfg = Release|Any CPU
		{FD68CF21-91C2-4688-8871-C5D839024C2C}.Release|Any CPU.Build.0 = Release|Any CPU
	EndGlobalSection
	GlobalSection(SolutionProperties) = preSolution
		HideSolutionNode = FALSE
	EndGlobalSection
	GlobalSection(ExtensibilityGlobals) = postSolution
		SolutionGuid = {818C7081-5C0F-4C61-91F6-344E918F4C1A}
	EndGlobalSection
EndGlobal
